
Microsoft Visual Studio Solution File, Format Version 12.00
# Visual Studio Version 17
VisualStudioVersion = 17.8.34511.84
MinimumVisualStudioVersion = 10.0.40219.1
Project("{FAE04EC0-301F-11D3-BF4B-00C04F79EFBC}") = "AwesomeDevEvents.API", "AwesomeDevEvents.API\AwesomeDevEvents.API.csproj", "{05CC5C31-EB64-448D-95B5-23BC90EBFB24}"
EndProject
Global
	GlobalSection(SolutionConfigurationPlatforms) = preSolution
		Debug|Any CPU = Debug|Any CPU
		Release|Any CPU = Release|Any CPU
	EndGlobalSection
	GlobalSection(ProjectConfigurationPlatforms) = postSolution
		{05CC5C31-EB64-448D-95B5-23BC90EBFB24}.Debug|Any CPU.ActiveCfg = Debug|Any CPU
		{05CC5C31-EB64-448D-95B5-23BC90EBFB24}.Debug|Any CPU.Build.0 = Debug|Any CPU
		{05CC5C31-EB64-448D-95B5-23BC90EBFB24}.Release|Any CPU.ActiveCfg = Release|Any CPU
		{05CC5C31-EB64-448D-95B5-23BC90EBFB24}.Release|Any CPU.Build.0 = Release|Any CPU
	EndGlobalSection
	GlobalSection(SolutionProperties) = preSolution
		HideSolutionNode = FALSE
	EndGlobalSection
	GlobalSection(ExtensibilityGlobals) = postSolution
		SolutionGuid = {4F65E68E-9B3E-4F0E-8888-40860BD85602}
	EndGlobalSection
EndGlobal
